// !$*UTF8*$!
{
	archiveVersion = 1;
	classes = {
	};
	objectVersion = 46;
	objects = {

/* Begin PBXBuildFile section */
		F12AD21B1B4886D600C80F63 /* libqrencode.a in Frameworks */ = {isa = PBXBuildFile; fileRef = F12AD2131B4886B600C80F63 /* libqrencode.a */; };
		F14148CB1B48630D00C80F63 /* UMBarcodeGenerator.m in Sources */ = {isa = PBXBuildFile; fileRef = F1ABD1971B47FFC900C80F63 /* UMBarcodeGenerator.m */; };
		F14148CC1B48630D00C80F63 /* UMBarcodeScanUtilities.m in Sources */ = {isa = PBXBuildFile; fileRef = F16D61351B47421700C80F63 /* UMBarcodeScanUtilities.m */; };
		F14148CD1B48630D00C80F63 /* UMBarcodeViewController.m in Sources */ = {isa = PBXBuildFile; fileRef = F16D613A1B47421700C80F63 /* UMBarcodeViewController.m */; };
		F14148CE1B48630D00C80F63 /* UMBarcodeScanViewController.m in Sources */ = {isa = PBXBuildFile; fileRef = F16D614F1B474ADB00C80F63 /* UMBarcodeScanViewController.m */; };
		F14148CF1B48630D00C80F63 /* UMBarcodeScanContext.m in Sources */ = {isa = PBXBuildFile; fileRef = F16D61321B47421700C80F63 /* UMBarcodeScanContext.m */; };
		F14148D01B48630D00C80F63 /* UMBarcodeView.m in Sources */ = {isa = PBXBuildFile; fileRef = F16D61391B47421700C80F63 /* UMBarcodeView.m */; };
		F14148D31B48630D00C80F63 /* libZXingObjC-iOS.a in Frameworks */ = {isa = PBXBuildFile; fileRef = F16D611F1B47405400C80F63 /* libZXingObjC-iOS.a */; };
		F14148E51B48634B00C80F63 /* UMBarcodeGenerator.m in Sources */ = {isa = PBXBuildFile; fileRef = F1ABD1971B47FFC900C80F63 /* UMBarcodeGenerator.m */; };
		F14148E61B48634B00C80F63 /* UMBarcodeScanUtilities.m in Sources */ = {isa = PBXBuildFile; fileRef = F16D61351B47421700C80F63 /* UMBarcodeScanUtilities.m */; };
		F14148E71B48634B00C80F63 /* UMBarcodeViewController.m in Sources */ = {isa = PBXBuildFile; fileRef = F16D613A1B47421700C80F63 /* UMBarcodeViewController.m */; };
		F14148E81B48634B00C80F63 /* UMBarcodeScanViewController.m in Sources */ = {isa = PBXBuildFile; fileRef = F16D614F1B474ADB00C80F63 /* UMBarcodeScanViewController.m */; };
		F14148E91B48634B00C80F63 /* UMBarcodeScanContext.m in Sources */ = {isa = PBXBuildFile; fileRef = F16D61321B47421700C80F63 /* UMBarcodeScanContext.m */; };
		F14148EA1B48634B00C80F63 /* UMBarcodeView.m in Sources */ = {isa = PBXBuildFile; fileRef = F16D61391B47421700C80F63 /* UMBarcodeView.m */; };
		F141496F1B48705F00C80F63 /* libaztec.a in Frameworks */ = {isa = PBXBuildFile; fileRef = F14149671B48703300C80F63 /* libaztec.a */; };
		F16D613B1B47421700C80F63 /* UMBarcodeScanContext.m in Sources */ = {isa = PBXBuildFile; fileRef = F16D61321B47421700C80F63 /* UMBarcodeScanContext.m */; };
		F16D613C1B47421700C80F63 /* UMBarcodeScanUtilities.m in Sources */ = {isa = PBXBuildFile; fileRef = F16D61351B47421700C80F63 /* UMBarcodeScanUtilities.m */; };
		F16D613E1B47421700C80F63 /* UMBarcodeView.m in Sources */ = {isa = PBXBuildFile; fileRef = F16D61391B47421700C80F63 /* UMBarcodeView.m */; };
		F16D613F1B47421700C80F63 /* UMBarcodeViewController.m in Sources */ = {isa = PBXBuildFile; fileRef = F16D613A1B47421700C80F63 /* UMBarcodeViewController.m */; };
		F16D61491B47477C00C80F63 /* libZXingObjC-iOS.a in Frameworks */ = {isa = PBXBuildFile; fileRef = F16D611F1B47405400C80F63 /* libZXingObjC-iOS.a */; };
		F16D61501B474ADB00C80F63 /* UMBarcodeScanViewController.m in Sources */ = {isa = PBXBuildFile; fileRef = F16D614F1B474ADB00C80F63 /* UMBarcodeScanViewController.m */; };
		F16D61F91B47570300C80F63 /* libzbar.a in Frameworks */ = {isa = PBXBuildFile; fileRef = F16D61F61B4756EA00C80F63 /* libzbar.a */; };
		F19964091BF41EA400C80F63 /* PocketSVG.m in Sources */ = {isa = PBXBuildFile; fileRef = F19964081BF41EA400C80F63 /* PocketSVG.m */; };
		F199640A1BF41EA400C80F63 /* PocketSVG.m in Sources */ = {isa = PBXBuildFile; fileRef = F19964081BF41EA400C80F63 /* PocketSVG.m */; };
		F199640B1BF41EA400C80F63 /* PocketSVG.m in Sources */ = {isa = PBXBuildFile; fileRef = F19964081BF41EA400C80F63 /* PocketSVG.m */; };
		F1ABD1981B47FFC900C80F63 /* UMBarcodeGenerator.m in Sources */ = {isa = PBXBuildFile; fileRef = F1ABD1971B47FFC900C80F63 /* UMBarcodeGenerator.m */; };
/* End PBXBuildFile section */

/* Begin PBXContainerItemProxy section */
		F12AD2121B4886B600C80F63 /* PBXContainerItemProxy */ = {
			isa = PBXContainerItemProxy;
			containerPortal = F12AD20E1B4886B600C80F63 /* qrencode.xcodeproj */;
			proxyType = 2;
			remoteGlobalIDString = F12AD1C91B48827100C80F63;
			remoteInfo = qrencode;
		};
		F12AD2191B4886CB00C80F63 /* PBXContainerItemProxy */ = {
			isa = PBXContainerItemProxy;
			containerPortal = F12AD20E1B4886B600C80F63 /* qrencode.xcodeproj */;
			proxyType = 1;
			remoteGlobalIDString = F12AD1C81B48827100C80F63;
			remoteInfo = qrencode;
		};
		F14148C91B48630D00C80F63 /* PBXContainerItemProxy */ = {
			isa = PBXContainerItemProxy;
			containerPortal = F16D61151B47405300C80F63 /* ZXingObjC.xcodeproj */;
			proxyType = 1;
			remoteGlobalIDString = 25403CB2166A96FA00E13304;
			remoteInfo = "ZXingObjC-iOS";
		};
		F14149661B48703300C80F63 /* PBXContainerItemProxy */ = {
			isa = PBXContainerItemProxy;
			containerPortal = F14149621B48703300C80F63 /* aztec.xcodeproj */;
			proxyType = 2;
			remoteGlobalIDString = F14149071B486B5600C80F63;
			remoteInfo = aztec;
		};
		F141496D1B48705000C80F63 /* PBXContainerItemProxy */ = {
			isa = PBXContainerItemProxy;
			containerPortal = F14149621B48703300C80F63 /* aztec.xcodeproj */;
			proxyType = 1;
			remoteGlobalIDString = F14149061B486B5600C80F63;
			remoteInfo = aztec;
		};
		F16D611E1B47405400C80F63 /* PBXContainerItemProxy */ = {
			isa = PBXContainerItemProxy;
			containerPortal = F16D61151B47405300C80F63 /* ZXingObjC.xcodeproj */;
			proxyType = 2;
			remoteGlobalIDString = 25403CB3166A96FA00E13304;
			remoteInfo = "ZXingObjC-iOS";
		};
		F16D61201B47405400C80F63 /* PBXContainerItemProxy */ = {
			isa = PBXContainerItemProxy;
			containerPortal = F16D61151B47405300C80F63 /* ZXingObjC.xcodeproj */;
			proxyType = 2;
			remoteGlobalIDString = 25403CC4166A96FA00E13304;
			remoteInfo = "Unit Tests iOS";
		};
		F16D61221B47405400C80F63 /* PBXContainerItemProxy */ = {
			isa = PBXContainerItemProxy;
			containerPortal = F16D61151B47405300C80F63 /* ZXingObjC.xcodeproj */;
			proxyType = 2;
			remoteGlobalIDString = 25404166166AADAC00E13304;
			remoteInfo = "ZXingObjC-osx";
		};
		F16D61241B47405400C80F63 /* PBXContainerItemProxy */ = {
			isa = PBXContainerItemProxy;
			containerPortal = F16D61151B47405300C80F63 /* ZXingObjC.xcodeproj */;
			proxyType = 2;
			remoteGlobalIDString = 25404178166AADAC00E13304;
			remoteInfo = "Unit Tests OS X";
		};
		F16D61261B47405400C80F63 /* PBXContainerItemProxy */ = {
			isa = PBXContainerItemProxy;
			containerPortal = F16D61151B47405300C80F63 /* ZXingObjC.xcodeproj */;
			proxyType = 2;
			remoteGlobalIDString = 2540439E166ABA0A00E13304;
			remoteInfo = "OS X Framework";
		};
		F16D61281B47405400C80F63 /* PBXContainerItemProxy */ = {
			isa = PBXContainerItemProxy;
			containerPortal = F16D61151B47405300C80F63 /* ZXingObjC.xcodeproj */;
			proxyType = 2;
			remoteGlobalIDString = DB72547F1A523C9200EFF81B;
			remoteInfo = "iOS Framework";
		};
		F16D61471B47477200C80F63 /* PBXContainerItemProxy */ = {
			isa = PBXContainerItemProxy;
			containerPortal = F16D61151B47405300C80F63 /* ZXingObjC.xcodeproj */;
			proxyType = 1;
			remoteGlobalIDString = 25403CB2166A96FA00E13304;
			remoteInfo = "ZXingObjC-iOS";
		};
		F16D61F51B4756EA00C80F63 /* PBXContainerItemProxy */ = {
			isa = PBXContainerItemProxy;
			containerPortal = F16D61F11B4756E900C80F63 /* zbar.xcodeproj */;
			proxyType = 2;
			remoteGlobalIDString = F16D615F1B47508000C80F63;
			remoteInfo = zbar;
		};
		F16D61F71B4756FB00C80F63 /* PBXContainerItemProxy */ = {
			isa = PBXContainerItemProxy;
			containerPortal = F16D61F11B4756E900C80F63 /* zbar.xcodeproj */;
			proxyType = 1;
			remoteGlobalIDString = F16D615E1B47508000C80F63;
			remoteInfo = zbar;
		};
/* End PBXContainerItemProxy section */

/* Begin PBXCopyFilesBuildPhase section */
		F14148D41B48630D00C80F63 /* CopyFiles */ = {
			isa = PBXCopyFilesBuildPhase;
			buildActionMask = 2147483647;
			dstPath = "include/$(PRODUCT_NAME)";
			dstSubfolderSpec = 16;
			files = (
			);
			runOnlyForDeploymentPostprocessing = 0;
		};
		F14148EE1B48634B00C80F63 /* CopyFiles */ = {
			isa = PBXCopyFilesBuildPhase;
			buildActionMask = 2147483647;
			dstPath = "include/$(PRODUCT_NAME)";
			dstSubfolderSpec = 16;
			files = (
			);
			runOnlyForDeploymentPostprocessing = 0;
		};
		F16D60F81B473E3E00C80F63 /* CopyFiles */ = {
			isa = PBXCopyFilesBuildPhase;
			buildActionMask = 2147483647;
			dstPath = "include/$(PRODUCT_NAME)";
			dstSubfolderSpec = 16;
			files = (
			);
			runOnlyForDeploymentPostprocessing = 0;
		};
/* End PBXCopyFilesBuildPhase section */

/* Begin PBXFileReference section */
		F12AD20E1B4886B600C80F63 /* qrencode.xcodeproj */ = {isa = PBXFileReference; lastKnownFileType = "wrapper.pb-project"; name = qrencode.xcodeproj; path = "lib/qrencode-shim/qrencode.xcodeproj"; sourceTree = "<group>"; };
		F14148D91B48630D00C80F63 /* libbarcodes.a */ = {isa = PBXFileReference; explicitFileType = archive.ar; includeInIndex = 0; path = libbarcodes.a; sourceTree = BUILT_PRODUCTS_DIR; };
		F14148F31B48634B00C80F63 /* libbarcodes.a */ = {isa = PBXFileReference; explicitFileType = archive.ar; includeInIndex = 0; path = libbarcodes.a; sourceTree = BUILT_PRODUCTS_DIR; };
		F14149621B48703300C80F63 /* aztec.xcodeproj */ = {isa = PBXFileReference; lastKnownFileType = "wrapper.pb-project"; name = aztec.xcodeproj; path = "lib/aztec-shim/aztec.xcodeproj"; sourceTree = "<group>"; };
		F16D60FA1B473E3E00C80F63 /* libbarcodes.a */ = {isa = PBXFileReference; explicitFileType = archive.ar; includeInIndex = 0; path = libbarcodes.a; sourceTree = BUILT_PRODUCTS_DIR; };
		F16D61151B47405300C80F63 /* ZXingObjC.xcodeproj */ = {isa = PBXFileReference; lastKnownFileType = "wrapper.pb-project"; name = ZXingObjC.xcodeproj; path = lib/zxing/ZXingObjC.xcodeproj; sourceTree = "<group>"; };
		F16D612E1B47421700C80F63 /* UMBarcodeView.h */ = {isa = PBXFileReference; fileEncoding = 4; lastKnownFileType = sourcecode.c.h; path = UMBarcodeView.h; sourceTree = "<group>"; };
		F16D612F1B47421700C80F63 /* UMBarcodeViewController.h */ = {isa = PBXFileReference; fileEncoding = 4; lastKnownFileType = sourcecode.c.h; path = UMBarcodeViewController.h; sourceTree = "<group>"; };
		F16D61321B47421700C80F63 /* UMBarcodeScanContext.m */ = {isa = PBXFileReference; fileEncoding = 4; lastKnownFileType = sourcecode.c.objc; path = UMBarcodeScanContext.m; sourceTree = "<group>"; };
		F16D61331B47421700C80F63 /* UMBarcodeScanUtilities.h */ = {isa = PBXFileReference; fileEncoding = 4; lastKnownFileType = sourcecode.c.h; path = UMBarcodeScanUtilities.h; sourceTree = "<group>"; };
		F16D61341B47421700C80F63 /* UMBarcodeScanContext.h */ = {isa = PBXFileReference; fileEncoding = 4; lastKnownFileType = sourcecode.c.h; path = UMBarcodeScanContext.h; sourceTree = "<group>"; };
		F16D61351B47421700C80F63 /* UMBarcodeScanUtilities.m */ = {isa = PBXFileReference; fileEncoding = 4; lastKnownFileType = sourcecode.c.objc; path = UMBarcodeScanUtilities.m; sourceTree = "<group>"; };
		F16D61361B47421700C80F63 /* UMBarcodeScanViewControllerPvt.h */ = {isa = PBXFileReference; fileEncoding = 4; lastKnownFileType = sourcecode.c.h; path = UMBarcodeScanViewControllerPvt.h; sourceTree = "<group>"; };
		F16D61391B47421700C80F63 /* UMBarcodeView.m */ = {isa = PBXFileReference; fileEncoding = 4; lastKnownFileType = sourcecode.c.objc; path = UMBarcodeView.m; sourceTree = "<group>"; };
		F16D613A1B47421700C80F63 /* UMBarcodeViewController.m */ = {isa = PBXFileReference; fileEncoding = 4; lastKnownFileType = sourcecode.c.objc; path = UMBarcodeViewController.m; sourceTree = "<group>"; };
		F16D61411B4743B800C80F63 /* PrefixHeader.pch */ = {isa = PBXFileReference; fileEncoding = 4; lastKnownFileType = sourcecode.c.h; path = PrefixHeader.pch; sourceTree = "<group>"; };
		F16D61421B47447F00C80F63 /* Config.xcconfig */ = {isa = PBXFileReference; lastKnownFileType = text.xcconfig; path = Config.xcconfig; sourceTree = "<group>"; };
		F16D614E1B474ACD00C80F63 /* UMBarcodeScanViewController.h */ = {isa = PBXFileReference; lastKnownFileType = sourcecode.c.h; path = UMBarcodeScanViewController.h; sourceTree = "<group>"; };
		F16D614F1B474ADB00C80F63 /* UMBarcodeScanViewController.m */ = {isa = PBXFileReference; fileEncoding = 4; lastKnownFileType = sourcecode.c.objc; path = UMBarcodeScanViewController.m; sourceTree = "<group>"; };
		F16D61531B474DCB00C80F63 /* Debug.xcconfig */ = {isa = PBXFileReference; lastKnownFileType = text.xcconfig; path = Debug.xcconfig; sourceTree = "<group>"; };
		F16D61541B474DF100C80F63 /* Release.xcconfig */ = {isa = PBXFileReference; lastKnownFileType = text.xcconfig; path = Release.xcconfig; sourceTree = "<group>"; };
		F16D61551B474E0400C80F63 /* Distribution.xcconfig */ = {isa = PBXFileReference; lastKnownFileType = text.xcconfig; path = Distribution.xcconfig; sourceTree = "<group>"; };
		F16D61F11B4756E900C80F63 /* zbar.xcodeproj */ = {isa = PBXFileReference; lastKnownFileType = "wrapper.pb-project"; name = zbar.xcodeproj; path = "lib/zbar-shim/zbar.xcodeproj"; sourceTree = "<group>"; };
		F19964071BF41EA400C80F63 /* PocketSVG.h */ = {isa = PBXFileReference; fileEncoding = 4; lastKnownFileType = sourcecode.c.h; path = PocketSVG.h; sourceTree = "<group>"; };
		F19964081BF41EA400C80F63 /* PocketSVG.m */ = {isa = PBXFileReference; fileEncoding = 4; lastKnownFileType = sourcecode.c.objc; path = PocketSVG.m; sourceTree = "<group>"; };
		F1ABD1961B47FFC900C80F63 /* UMBarcodeGeneratorPvt.h */ = {isa = PBXFileReference; fileEncoding = 4; lastKnownFileType = sourcecode.c.h; path = UMBarcodeGeneratorPvt.h; sourceTree = "<group>"; };
		F1ABD1971B47FFC900C80F63 /* UMBarcodeGenerator.m */ = {isa = PBXFileReference; fileEncoding = 4; lastKnownFileType = sourcecode.c.objc; path = UMBarcodeGenerator.m; sourceTree = "<group>"; };
		F1ABD19E1B48002100C80F63 /* UMBarcodeGenerator.h */ = {isa = PBXFileReference; lastKnownFileType = sourcecode.c.h; path = UMBarcodeGenerator.h; sourceTree = "<group>"; };
/* End PBXFileReference section */

/* Begin PBXFrameworksBuildPhase section */
		F14148D11B48630D00C80F63 /* Frameworks */ = {
			isa = PBXFrameworksBuildPhase;
			buildActionMask = 2147483647;
			files = (
				F14148D31B48630D00C80F63 /* libZXingObjC-iOS.a in Frameworks */,
			);
			runOnlyForDeploymentPostprocessing = 0;
		};
		F14148EB1B48634B00C80F63 /* Frameworks */ = {
			isa = PBXFrameworksBuildPhase;
			buildActionMask = 2147483647;
			files = (
				F12AD21B1B4886D600C80F63 /* libqrencode.a in Frameworks */,
				F141496F1B48705F00C80F63 /* libaztec.a in Frameworks */,
			);
			runOnlyForDeploymentPostprocessing = 0;
		};
		F16D60F71B473E3E00C80F63 /* Frameworks */ = {
			isa = PBXFrameworksBuildPhase;
			buildActionMask = 2147483647;
			files = (
				F16D61F91B47570300C80F63 /* libzbar.a in Frameworks */,
				F16D61491B47477C00C80F63 /* libZXingObjC-iOS.a in Frameworks */,
			);
			runOnlyForDeploymentPostprocessing = 0;
		};
/* End PBXFrameworksBuildPhase section */

/* Begin PBXGroup section */
		F12AD20F1B4886B600C80F63 /* Products */ = {
			isa = PBXGroup;
			children = (
				F12AD2131B4886B600C80F63 /* libqrencode.a */,
			);
			name = Products;
			sourceTree = "<group>";
		};
		F14149631B48703300C80F63 /* Products */ = {
			isa = PBXGroup;
			children = (
				F14149671B48703300C80F63 /* libaztec.a */,
			);
			name = Products;
			sourceTree = "<group>";
		};
		F16D60F11B473E3E00C80F63 = {
			isa = PBXGroup;
			children = (
				F16D61401B4743B800C80F63 /* essentials */,
				F16D614A1B4748CC00C80F63 /* include */,
				F16D612D1B47421700C80F63 /* src */,
				F16D61141B47402E00C80F63 /* subprojects */,
				F16D60FB1B473E3E00C80F63 /* Products */,
			);
			sourceTree = "<group>";
		};
		F16D60FB1B473E3E00C80F63 /* Products */ = {
			isa = PBXGroup;
			children = (
				F16D60FA1B473E3E00C80F63 /* libbarcodes.a */,
				F14148D91B48630D00C80F63 /* libbarcodes.a */,
				F14148F31B48634B00C80F63 /* libbarcodes.a */,
			);
			name = Products;
			sourceTree = "<group>";
		};
		F16D61141B47402E00C80F63 /* subprojects */ = {
			isa = PBXGroup;
			children = (
				F16D61151B47405300C80F63 /* ZXingObjC.xcodeproj */,
				F16D61F11B4756E900C80F63 /* zbar.xcodeproj */,
				F14149621B48703300C80F63 /* aztec.xcodeproj */,
				F12AD20E1B4886B600C80F63 /* qrencode.xcodeproj */,
			);
			name = subprojects;
			sourceTree = "<group>";
		};
		F16D61161B47405300C80F63 /* Products */ = {
			isa = PBXGroup;
			children = (
				F16D611F1B47405400C80F63 /* libZXingObjC-iOS.a */,
				F16D61211B47405400C80F63 /* Unit Tests iOS.xctest */,
				F16D61231B47405400C80F63 /* libZXingObjC-osx.a */,
				F16D61251B47405400C80F63 /* Unit Tests OS X.xctest */,
				F16D61271B47405400C80F63 /* ZXingObjC.framework */,
				F16D61291B47405400C80F63 /* ZXingObjC.framework */,
			);
			name = Products;
			sourceTree = "<group>";
		};
		F16D612D1B47421700C80F63 /* src */ = {
			isa = PBXGroup;
			children = (
				F16D61361B47421700C80F63 /* UMBarcodeScanViewControllerPvt.h */,
				F16D614F1B474ADB00C80F63 /* UMBarcodeScanViewController.m */,
				F16D612F1B47421700C80F63 /* UMBarcodeViewController.h */,
				F16D613A1B47421700C80F63 /* UMBarcodeViewController.m */,
				F16D612E1B47421700C80F63 /* UMBarcodeView.h */,
				F16D61391B47421700C80F63 /* UMBarcodeView.m */,
				F16D61341B47421700C80F63 /* UMBarcodeScanContext.h */,
				F16D61321B47421700C80F63 /* UMBarcodeScanContext.m */,
				F16D61331B47421700C80F63 /* UMBarcodeScanUtilities.h */,
				F16D61351B47421700C80F63 /* UMBarcodeScanUtilities.m */,
				F1ABD1961B47FFC900C80F63 /* UMBarcodeGeneratorPvt.h */,
				F1ABD1971B47FFC900C80F63 /* UMBarcodeGenerator.m */,
				F19964051BF41EA400C80F63 /* 3rd-party */,
			);
			path = src;
			sourceTree = "<group>";
		};
		F16D61401B4743B800C80F63 /* essentials */ = {
			isa = PBXGroup;
			children = (
				F16D61421B47447F00C80F63 /* Config.xcconfig */,
				F16D61531B474DCB00C80F63 /* Debug.xcconfig */,
				F16D61541B474DF100C80F63 /* Release.xcconfig */,
				F16D61551B474E0400C80F63 /* Distribution.xcconfig */,
				F16D61411B4743B800C80F63 /* PrefixHeader.pch */,
			);
			path = essentials;
			sourceTree = "<group>";
		};
		F16D614A1B4748CC00C80F63 /* include */ = {
			isa = PBXGroup;
			children = (
				F16D614E1B474ACD00C80F63 /* UMBarcodeScanViewController.h */,
				F1ABD19E1B48002100C80F63 /* UMBarcodeGenerator.h */,
			);
			path = include;
			sourceTree = "<group>";
		};
		F16D61F21B4756E900C80F63 /* Products */ = {
			isa = PBXGroup;
			children = (
				F16D61F61B4756EA00C80F63 /* libzbar.a */,
			);
			name = Products;
			sourceTree = "<group>";
		};
		F19964051BF41EA400C80F63 /* 3rd-party */ = {
			isa = PBXGroup;
			children = (
				F19964061BF41EA400C80F63 /* PocketSVG */,
			);
			path = "3rd-party";
			sourceTree = "<group>";
		};
		F19964061BF41EA400C80F63 /* PocketSVG */ = {
			isa = PBXGroup;
			children = (
				F19964071BF41EA400C80F63 /* PocketSVG.h */,
				F19964081BF41EA400C80F63 /* PocketSVG.m */,
			);
			path = PocketSVG;
			sourceTree = "<group>";
		};
/* End PBXGroup section */

/* Begin PBXNativeTarget section */
		F14148C51B48630D00C80F63 /* barcodes-no-zbar */ = {
			isa = PBXNativeTarget;
			buildConfigurationList = F14148D51B48630D00C80F63 /* Build configuration list for PBXNativeTarget "barcodes-no-zbar" */;
			buildPhases = (
				F14148CA1B48630D00C80F63 /* Sources */,
				F14148D11B48630D00C80F63 /* Frameworks */,
				F14148D41B48630D00C80F63 /* CopyFiles */,
			);
			buildRules = (
			);
			dependencies = (
				F14148C81B48630D00C80F63 /* PBXTargetDependency */,
			);
			name = "barcodes-no-zbar";
			productName = barcodes;
			productReference = F14148D91B48630D00C80F63 /* libbarcodes.a */;
			productType = "com.apple.product-type.library.static";
		};
		F14148DF1B48634B00C80F63 /* barcodes-system */ = {
			isa = PBXNativeTarget;
			buildConfigurationList = F14148EF1B48634B00C80F63 /* Build configuration list for PBXNativeTarget "barcodes-system" */;
			buildPhases = (
				F14148E41B48634B00C80F63 /* Sources */,
				F14148EB1B48634B00C80F63 /* Frameworks */,
				F14148EE1B48634B00C80F63 /* CopyFiles */,
			);
			buildRules = (
			);
			dependencies = (
				F12AD21A1B4886CB00C80F63 /* PBXTargetDependency */,
				F141496E1B48705000C80F63 /* PBXTargetDependency */,
			);
			name = "barcodes-system";
			productName = barcodes;
			productReference = F14148F31B48634B00C80F63 /* libbarcodes.a */;
			productType = "com.apple.product-type.library.static";
		};
		F16D60F91B473E3E00C80F63 /* barcodes-all */ = {
			isa = PBXNativeTarget;
			buildConfigurationList = F16D610E1B473E3E00C80F63 /* Build configuration list for PBXNativeTarget "barcodes-all" */;
			buildPhases = (
				F16D60F61B473E3E00C80F63 /* Sources */,
				F16D60F71B473E3E00C80F63 /* Frameworks */,
				F16D60F81B473E3E00C80F63 /* CopyFiles */,
			);
			buildRules = (
			);
			dependencies = (
				F16D61F81B4756FB00C80F63 /* PBXTargetDependency */,
				F16D61481B47477200C80F63 /* PBXTargetDependency */,
			);
			name = "barcodes-all";
			productName = barcodes;
			productReference = F16D60FA1B473E3E00C80F63 /* libbarcodes.a */;
			productType = "com.apple.product-type.library.static";
		};
/* End PBXNativeTarget section */

/* Begin PBXProject section */
		F16D60F21B473E3E00C80F63 /* Project object */ = {
			isa = PBXProject;
			attributes = {
				LastUpgradeCheck = 0700;
				ORGANIZATIONNAME = "Ravel Developers Group";
				TargetAttributes = {
					F16D60F91B473E3E00C80F63 = {
						CreatedOnToolsVersion = 6.4;
					};
				};
			};
			buildConfigurationList = F16D60F51B473E3E00C80F63 /* Build configuration list for PBXProject "barcodes" */;
			compatibilityVersion = "Xcode 3.2";
			developmentRegion = English;
			hasScannedForEncodings = 0;
			knownRegions = (
				en,
			);
			mainGroup = F16D60F11B473E3E00C80F63;
			productRefGroup = F16D60FB1B473E3E00C80F63 /* Products */;
			projectDirPath = "";
			projectReferences = (
				{
					ProductGroup = F14149631B48703300C80F63 /* Products */;
					ProjectRef = F14149621B48703300C80F63 /* aztec.xcodeproj */;
				},
				{
					ProductGroup = F12AD20F1B4886B600C80F63 /* Products */;
					ProjectRef = F12AD20E1B4886B600C80F63 /* qrencode.xcodeproj */;
				},
				{
					ProductGroup = F16D61F21B4756E900C80F63 /* Products */;
					ProjectRef = F16D61F11B4756E900C80F63 /* zbar.xcodeproj */;
				},
				{
					ProductGroup = F16D61161B47405300C80F63 /* Products */;
					ProjectRef = F16D61151B47405300C80F63 /* ZXingObjC.xcodeproj */;
				},
			);
			projectRoot = "";
			targets = (
				F16D60F91B473E3E00C80F63 /* barcodes-all */,
				F14148C51B48630D00C80F63 /* barcodes-no-zbar */,
				F14148DF1B48634B00C80F63 /* barcodes-system */,
			);
		};
/* End PBXProject section */

/* Begin PBXReferenceProxy section */
		F12AD2131B4886B600C80F63 /* libqrencode.a */ = {
			isa = PBXReferenceProxy;
			fileType = archive.ar;
			path = libqrencode.a;
			remoteRef = F12AD2121B4886B600C80F63 /* PBXContainerItemProxy */;
			sourceTree = BUILT_PRODUCTS_DIR;
		};
		F14149671B48703300C80F63 /* libaztec.a */ = {
			isa = PBXReferenceProxy;
			fileType = archive.ar;
			path = libaztec.a;
			remoteRef = F14149661B48703300C80F63 /* PBXContainerItemProxy */;
			sourceTree = BUILT_PRODUCTS_DIR;
		};
		F16D611F1B47405400C80F63 /* libZXingObjC-iOS.a */ = {
			isa = PBXReferenceProxy;
			fileType = archive.ar;
			path = "libZXingObjC-iOS.a";
			remoteRef = F16D611E1B47405400C80F63 /* PBXContainerItemProxy */;
			sourceTree = BUILT_PRODUCTS_DIR;
		};
		F16D61211B47405400C80F63 /* Unit Tests iOS.xctest */ = {
			isa = PBXReferenceProxy;
			fileType = wrapper.cfbundle;
			path = "Unit Tests iOS.xctest";
			remoteRef = F16D61201B47405400C80F63 /* PBXContainerItemProxy */;
			sourceTree = BUILT_PRODUCTS_DIR;
		};
		F16D61231B47405400C80F63 /* libZXingObjC-osx.a */ = {
			isa = PBXReferenceProxy;
			fileType = archive.ar;
			path = "libZXingObjC-osx.a";
			remoteRef = F16D61221B47405400C80F63 /* PBXContainerItemProxy */;
			sourceTree = BUILT_PRODUCTS_DIR;
		};
		F16D61251B47405400C80F63 /* Unit Tests OS X.xctest */ = {
			isa = PBXReferenceProxy;
			fileType = wrapper.cfbundle;
			path = "Unit Tests OS X.xctest";
			remoteRef = F16D61241B47405400C80F63 /* PBXContainerItemProxy */;
			sourceTree = BUILT_PRODUCTS_DIR;
		};
		F16D61271B47405400C80F63 /* ZXingObjC.framework */ = {
			isa = PBXReferenceProxy;
			fileType = wrapper.framework;
			path = ZXingObjC.framework;
			remoteRef = F16D61261B47405400C80F63 /* PBXContainerItemProxy */;
			sourceTree = BUILT_PRODUCTS_DIR;
		};
		F16D61291B47405400C80F63 /* ZXingObjC.framework */ = {
			isa = PBXReferenceProxy;
			fileType = wrapper.framework;
			path = ZXingObjC.framework;
			remoteRef = F16D61281B47405400C80F63 /* PBXContainerItemProxy */;
			sourceTree = BUILT_PRODUCTS_DIR;
		};
		F16D61F61B4756EA00C80F63 /* libzbar.a */ = {
			isa = PBXReferenceProxy;
			fileType = archive.ar;
			path = libzbar.a;
			remoteRef = F16D61F51B4756EA00C80F63 /* PBXContainerItemProxy */;
			sourceTree = BUILT_PRODUCTS_DIR;
		};
/* End PBXReferenceProxy section */

/* Begin PBXSourcesBuildPhase section */
		F14148CA1B48630D00C80F63 /* Sources */ = {
			isa = PBXSourcesBuildPhase;
			buildActionMask = 2147483647;
			files = (
				F14148CB1B48630D00C80F63 /* UMBarcodeGenerator.m in Sources */,
				F14148CC1B48630D00C80F63 /* UMBarcodeScanUtilities.m in Sources */,
				F14148CD1B48630D00C80F63 /* UMBarcodeViewController.m in Sources */,
				F14148CE1B48630D00C80F63 /* UMBarcodeScanViewController.m in Sources */,
				F14148CF1B48630D00C80F63 /* UMBarcodeScanContext.m in Sources */,
				F199640A1BF41EA400C80F63 /* PocketSVG.m in Sources */,
				F14148D01B48630D00C80F63 /* UMBarcodeView.m in Sources */,
			);
			runOnlyForDeploymentPostprocessing = 0;
		};
		F14148E41B48634B00C80F63 /* Sources */ = {
			isa = PBXSourcesBuildPhase;
			buildActionMask = 2147483647;
			files = (
				F14148E51B48634B00C80F63 /* UMBarcodeGenerator.m in Sources */,
				F14148E61B48634B00C80F63 /* UMBarcodeScanUtilities.m in Sources */,
				F14148E71B48634B00C80F63 /* UMBarcodeViewController.m in Sources */,
				F14148E81B48634B00C80F63 /* UMBarcodeScanViewController.m in Sources */,
				F14148E91B48634B00C80F63 /* UMBarcodeScanContext.m in Sources */,
				F199640B1BF41EA400C80F63 /* PocketSVG.m in Sources */,
				F14148EA1B48634B00C80F63 /* UMBarcodeView.m in Sources */,
			);
			runOnlyForDeploymentPostprocessing = 0;
		};
		F16D60F61B473E3E00C80F63 /* Sources */ = {
			isa = PBXSourcesBuildPhase;
			buildActionMask = 2147483647;
			files = (
				F1ABD1981B47FFC900C80F63 /* UMBarcodeGenerator.m in Sources */,
				F16D613C1B47421700C80F63 /* UMBarcodeScanUtilities.m in Sources */,
				F16D613F1B47421700C80F63 /* UMBarcodeViewController.m in Sources */,
				F16D61501B474ADB00C80F63 /* UMBarcodeScanViewController.m in Sources */,
				F16D613B1B47421700C80F63 /* UMBarcodeScanContext.m in Sources */,
				F19964091BF41EA400C80F63 /* PocketSVG.m in Sources */,
				F16D613E1B47421700C80F63 /* UMBarcodeView.m in Sources */,
			);
			runOnlyForDeploymentPostprocessing = 0;
		};
/* End PBXSourcesBuildPhase section */

/* Begin PBXTargetDependency section */
		F12AD21A1B4886CB00C80F63 /* PBXTargetDependency */ = {
			isa = PBXTargetDependency;
			name = qrencode;
			targetProxy = F12AD2191B4886CB00C80F63 /* PBXContainerItemProxy */;
		};
		F14148C81B48630D00C80F63 /* PBXTargetDependency */ = {
			isa = PBXTargetDependency;
			name = "ZXingObjC-iOS";
			targetProxy = F14148C91B48630D00C80F63 /* PBXContainerItemProxy */;
		};
		F141496E1B48705000C80F63 /* PBXTargetDependency */ = {
			isa = PBXTargetDependency;
			name = aztec;
			targetProxy = F141496D1B48705000C80F63 /* PBXContainerItemProxy */;
		};
		F16D61481B47477200C80F63 /* PBXTargetDependency */ = {
			isa = PBXTargetDependency;
			name = "ZXingObjC-iOS";
			targetProxy = F16D61471B47477200C80F63 /* PBXContainerItemProxy */;
		};
		F16D61F81B4756FB00C80F63 /* PBXTargetDependency */ = {
			isa = PBXTargetDependency;
			name = zbar;
			targetProxy = F16D61F71B4756FB00C80F63 /* PBXContainerItemProxy */;
		};
/* End PBXTargetDependency section */

/* Begin XCBuildConfiguration section */
		F14148D61B48630D00C80F63 /* Debug */ = {
			isa = XCBuildConfiguration;
			buildSettings = {
				GCC_PREPROCESSOR_DEFINITIONS_BASE = "UMBARCODE_SCAN_ZBAR=0";
				SKIP_INSTALL = YES;
			};
			name = Debug;
		};
		F14148D71B48630D00C80F63 /* Release */ = {
			isa = XCBuildConfiguration;
			buildSettings = {
				GCC_PREPROCESSOR_DEFINITIONS_BASE = "UMBARCODE_SCAN_ZBAR=0";
				SKIP_INSTALL = YES;
			};
			name = Release;
		};
		F14148D81B48630D00C80F63 /* Distribution */ = {
			isa = XCBuildConfiguration;
			buildSettings = {
				GCC_PREPROCESSOR_DEFINITIONS_BASE = "UMBARCODE_SCAN_ZBAR=0";
				SKIP_INSTALL = YES;
			};
			name = Distribution;
		};
		F14148F01B48634B00C80F63 /* Debug */ = {
			isa = XCBuildConfiguration;
			buildSettings = {
				GCC_PREPROCESSOR_DEFINITIONS_BASE = "UMBARCODE_SCAN_ZBAR=0 UMBARCODE_SCAN_ZXING=0";
				SKIP_INSTALL = YES;
			};
			name = Debug;
		};
		F14148F11B48634B00C80F63 /* Release */ = {
			isa = XCBuildConfiguration;
			buildSettings = {
				GCC_PREPROCESSOR_DEFINITIONS_BASE = "UMBARCODE_SCAN_ZBAR=0 UMBARCODE_SCAN_ZXING=0";
				SKIP_INSTALL = YES;
			};
			name = Release;
		};
		F14148F21B48634B00C80F63 /* Distribution */ = {
			isa = XCBuildConfiguration;
			buildSettings = {
				GCC_PREPROCESSOR_DEFINITIONS_BASE = "UMBARCODE_SCAN_ZBAR=0 UMBARCODE_SCAN_ZXING=0";
				SKIP_INSTALL = YES;
			};
			name = Distribution;
		};
		F16D610C1B473E3E00C80F63 /* Debug */ = {
			isa = XCBuildConfiguration;
			baseConfigurationReference = F16D61531B474DCB00C80F63 /* Debug.xcconfig */;
			buildSettings = {
				CLANG_WARN_BOOL_CONVERSION = YES;
				CLANG_WARN_CONSTANT_CONVERSION = YES;
				CLANG_WARN_DIRECT_OBJC_ISA_USAGE = YES_ERROR;
				CLANG_WARN_EMPTY_BODY = YES;
				CLANG_WARN_ENUM_CONVERSION = YES;
				CLANG_WARN_INT_CONVERSION = YES;
				CLANG_WARN_OBJC_ROOT_CLASS = YES_ERROR;
				CLANG_WARN_UNREACHABLE_CODE = YES;
				CLANG_WARN__DUPLICATE_METHOD_MATCH = YES;
				COPY_PHASE_STRIP = NO;
				DEBUG_INFORMATION_FORMAT = "dwarf-with-dsym";
				ENABLE_STRICT_OBJC_MSGSEND = YES;
				GCC_DYNAMIC_NO_PIC = NO;
				GCC_WARN_64_TO_32_BIT_CONVERSION = YES;
				GCC_WARN_ABOUT_RETURN_TYPE = YES_ERROR;
				GCC_WARN_UNDECLARED_SELECTOR = YES;
				GCC_WARN_UNINITIALIZED_AUTOS = YES_AGGRESSIVE;
				GCC_WARN_UNUSED_FUNCTION = YES;
				GCC_WARN_UNUSED_VARIABLE = YES;
				MTL_ENABLE_DEBUG_INFO = YES;
			};
			name = Debug;
		};
		F16D610D1B473E3E00C80F63 /* Release */ = {
			isa = XCBuildConfiguration;
			baseConfigurationReference = F16D61541B474DF100C80F63 /* Release.xcconfig */;
			buildSettings = {
				CLANG_WARN_BOOL_CONVERSION = YES;
				CLANG_WARN_CONSTANT_CONVERSION = YES;
				CLANG_WARN_DIRECT_OBJC_ISA_USAGE = YES_ERROR;
				CLANG_WARN_EMPTY_BODY = YES;
				CLANG_WARN_ENUM_CONVERSION = YES;
				CLANG_WARN_INT_CONVERSION = YES;
				CLANG_WARN_OBJC_ROOT_CLASS = YES_ERROR;
				CLANG_WARN_UNREACHABLE_CODE = YES;
				CLANG_WARN__DUPLICATE_METHOD_MATCH = YES;
				COPY_PHASE_STRIP = NO;
				DEBUG_INFORMATION_FORMAT = "dwarf-with-dsym";
				ENABLE_NS_ASSERTIONS = NO;
				ENABLE_STRICT_OBJC_MSGSEND = YES;
				GCC_WARN_64_TO_32_BIT_CONVERSION = YES;
				GCC_WARN_ABOUT_RETURN_TYPE = YES_ERROR;
				GCC_WARN_UNDECLARED_SELECTOR = YES;
				GCC_WARN_UNINITIALIZED_AUTOS = YES_AGGRESSIVE;
				GCC_WARN_UNUSED_FUNCTION = YES;
				GCC_WARN_UNUSED_VARIABLE = YES;
				MTL_ENABLE_DEBUG_INFO = NO;
				VALIDATE_PRODUCT = YES;
			};
			name = Release;
		};
		F16D610F1B473E3E00C80F63 /* Debug */ = {
			isa = XCBuildConfiguration;
			buildSettings = {
				SKIP_INSTALL = YES;
			};
			name = Debug;
		};
		F16D61101B473E3E00C80F63 /* Release */ = {
			isa = XCBuildConfiguration;
			buildSettings = {
				SKIP_INSTALL = YES;
			};
			name = Release;
		};
		F16D61511B474D1E00C80F63 /* Distribution */ = {
			isa = XCBuildConfiguration;
			baseConfigurationReference = F16D61551B474E0400C80F63 /* Distribution.xcconfig */;
			buildSettings = {
				CLANG_WARN_BOOL_CONVERSION = YES;
				CLANG_WARN_CONSTANT_CONVERSION = YES;
				CLANG_WARN_DIRECT_OBJC_ISA_USAGE = YES_ERROR;
				CLANG_WARN_EMPTY_BODY = YES;
				CLANG_WARN_ENUM_CONVERSION = YES;
				CLANG_WARN_INT_CONVERSION = YES;
				CLANG_WARN_OBJC_ROOT_CLASS = YES_ERROR;
				CLANG_WARN_UNREACHABLE_CODE = YES;
				CLANG_WARN__DUPLICATE_METHOD_MATCH = YES;
				COPY_PHASE_STRIP = NO;
				DEBUG_INFORMATION_FORMAT = "dwarf-with-dsym";
				ENABLE_NS_ASSERTIONS = NO;
				ENABLE_STRICT_OBJC_MSGSEND = YES;
				GCC_WARN_64_TO_32_BIT_CONVERSION = YES;
				GCC_WARN_ABOUT_RETURN_TYPE = YES_ERROR;
				GCC_WARN_UNDECLARED_SELECTOR = YES;
				GCC_WARN_UNINITIALIZED_AUTOS = YES_AGGRESSIVE;
				GCC_WARN_UNUSED_FUNCTION = YES;
				GCC_WARN_UNUSED_VARIABLE = YES;
				MTL_ENABLE_DEBUG_INFO = NO;
				VALIDATE_PRODUCT = YES;
			};
			name = Distribution;
		};
		F16D61521B474D1E00C80F63 /* Distribution */ = {
			isa = XCBuildConfiguration;
			buildSettings = {
				SKIP_INSTALL = YES;
			};
			name = Distribution;
		};
/* End XCBuildConfiguration section */

/* Begin XCConfigurationList section */
		F14148D51B48630D00C80F63 /* Build configuration list for PBXNativeTarget "barcodes-no-zbar" */ = {
			isa = XCConfigurationList;
			buildConfigurations = (
				F14148D61B48630D00C80F63 /* Debug */,
				F14148D71B48630D00C80F63 /* Release */,
				F14148D81B48630D00C80F63 /* Distribution */,
			);
			defaultConfigurationIsVisible = 0;
			defaultConfigurationName = Release;
		};
		F14148EF1B48634B00C80F63 /* Build configuration list for PBXNativeTarget "barcodes-system" */ = {
			isa = XCConfigurationList;
			buildConfigurations = (
				F14148F01B48634B00C80F63 /* Debug */,
				F14148F11B48634B00C80F63 /* Release */,
				F14148F21B48634B00C80F63 /* Distribution */,
			);
			defaultConfigurationIsVisible = 0;
			defaultConfigurationName = Release;
		};
		F16D60F51B473E3E00C80F63 /* Build configuration list for PBXProject "barcodes" */ = {
			isa = XCConfigurationList;
			buildConfigurations = (
				F16D610C1B473E3E00C80F63 /* Debug */,
				F16D610D1B473E3E00C80F63 /* Release */,
				F16D61511B474D1E00C80F63 /* Distribution */,
			);
			defaultConfigurationIsVisible = 0;
			defaultConfigurationName = Release;
		};
		F16D610E1B473E3E00C80F63 /* Build configuration list for PBXNativeTarget "barcodes-all" */ = {
			isa = XCConfigurationList;
			buildConfigurations = (
				F16D610F1B473E3E00C80F63 /* Debug */,
				F16D61101B473E3E00C80F63 /* Release */,
				F16D61521B474D1E00C80F63 /* Distribution */,
			);
			defaultConfigurationIsVisible = 0;
			defaultConfigurationName = Release;
		};
/* End XCConfigurationList section */
	};
	rootObject = F16D60F21B473E3E00C80F63 /* Project object */;
}
