// !$*UTF8*$!
{
	archiveVersion = 1;
	classes = {
	};
	objectVersion = 46;
	objects = {

/* Begin PBXBuildFile section */
		F1567C5F1B44CEA500C80F63 /* main.m in Sources */ = {isa = PBXBuildFile; fileRef = F1567C5E1B44CEA500C80F63 /* main.m */; };
		F1567C621B44CEA500C80F63 /* AppDelegate.m in Sources */ = {isa = PBXBuildFile; fileRef = F1567C611B44CEA500C80F63 /* AppDelegate.m */; };
		F1567C651B44CEA500C80F63 /* ViewController.m in Sources */ = {isa = PBXBuildFile; fileRef = F1567C641B44CEA500C80F63 /* ViewController.m */; };
		F1567C681B44CEA500C80F63 /* Main.storyboard in Resources */ = {isa = PBXBuildFile; fileRef = F1567C661B44CEA500C80F63 /* Main.storyboard */; };
		F1567C6A1B44CEA500C80F63 /* Images.xcassets in Resources */ = {isa = PBXBuildFile; fileRef = F1567C691B44CEA500C80F63 /* Images.xcassets */; };
		F1567C6D1B44CEA500C80F63 /* LaunchScreen.xib in Resources */ = {isa = PBXBuildFile; fileRef = F1567C6B1B44CEA500C80F63 /* LaunchScreen.xib */; };
		F19A8E681B4760AB00C80F63 /* libbarcodes.a in Frameworks */ = {isa = PBXBuildFile; fileRef = F19A8E651B47609400C80F63 /* libbarcodes.a */; };
		F19A8E741B47627100C80F63 /* MobileCoreServices.framework in Frameworks */ = {isa = PBXBuildFile; fileRef = F19A8E731B47627100C80F63 /* MobileCoreServices.framework */; };
		F19A8E821B47636700C80F63 /* AVFoundation.framework in Frameworks */ = {isa = PBXBuildFile; fileRef = F19A8E7F1B47636700C80F63 /* AVFoundation.framework */; settings = {ATTRIBUTES = (Weak, ); }; };
		F19A8E831B47636700C80F63 /* CoreFoundation.framework in Frameworks */ = {isa = PBXBuildFile; fileRef = F19A8E801B47636700C80F63 /* CoreFoundation.framework */; };
		F19A8E841B47636700C80F63 /* Foundation.framework in Frameworks */ = {isa = PBXBuildFile; fileRef = F19A8E811B47636700C80F63 /* Foundation.framework */; };
		F19A8E861B47638400C80F63 /* CoreGraphics.framework in Frameworks */ = {isa = PBXBuildFile; fileRef = F19A8E851B47638400C80F63 /* CoreGraphics.framework */; };
		F19A8E881B47638E00C80F63 /* UIKit.framework in Frameworks */ = {isa = PBXBuildFile; fileRef = F19A8E871B47638E00C80F63 /* UIKit.framework */; };
		F19A8E8A1B4763A700C80F63 /* CoreVideo.framework in Frameworks */ = {isa = PBXBuildFile; fileRef = F19A8E891B4763A700C80F63 /* CoreVideo.framework */; settings = {ATTRIBUTES = (Weak, ); }; };
		F19A8E8C1B4763B800C80F63 /* CoreMedia.framework in Frameworks */ = {isa = PBXBuildFile; fileRef = F19A8E8B1B4763B800C80F63 /* CoreMedia.framework */; settings = {ATTRIBUTES = (Weak, ); }; };
		F19A8E8E1B47640000C80F63 /* QuartzCore.framework in Frameworks */ = {isa = PBXBuildFile; fileRef = F19A8E8D1B47640000C80F63 /* QuartzCore.framework */; };
		F1C69A3D1B45A0E300C80F63 /* libiconv.dylib in Frameworks */ = {isa = PBXBuildFile; fileRef = F1C69A3C1B45A0E300C80F63 /* libiconv.dylib */; };
/* End PBXBuildFile section */

/* Begin PBXContainerItemProxy section */
		F19A8E641B47609400C80F63 /* PBXContainerItemProxy */ = {
			isa = PBXContainerItemProxy;
			containerPortal = F19A8E5E1B47609300C80F63 /* barcodes.xcodeproj */;
			proxyType = 2;
			remoteGlobalIDString = F16D60FA1B473E3E00C80F63;
			remoteInfo = barcodes;
		};
		F19A8E661B4760A300C80F63 /* PBXContainerItemProxy */ = {
			isa = PBXContainerItemProxy;
			containerPortal = F19A8E5E1B47609300C80F63 /* barcodes.xcodeproj */;
			proxyType = 1;
			remoteGlobalIDString = F16D60F91B473E3E00C80F63;
			remoteInfo = barcodes;
		};
/* End PBXContainerItemProxy section */

/* Begin PBXFileReference section */
		F1567C591B44CEA500C80F63 /* BarcodesTest.app */ = {isa = PBXFileReference; explicitFileType = wrapper.application; includeInIndex = 0; path = BarcodesTest.app; sourceTree = BUILT_PRODUCTS_DIR; };
		F1567C5D1B44CEA500C80F63 /* Info.plist */ = {isa = PBXFileReference; lastKnownFileType = text.plist.xml; path = Info.plist; sourceTree = "<group>"; };
		F1567C5E1B44CEA500C80F63 /* main.m */ = {isa = PBXFileReference; lastKnownFileType = sourcecode.c.objc; path = main.m; sourceTree = "<group>"; };
		F1567C601B44CEA500C80F63 /* AppDelegate.h */ = {isa = PBXFileReference; lastKnownFileType = sourcecode.c.h; path = AppDelegate.h; sourceTree = "<group>"; };
		F1567C611B44CEA500C80F63 /* AppDelegate.m */ = {isa = PBXFileReference; lastKnownFileType = sourcecode.c.objc; path = AppDelegate.m; sourceTree = "<group>"; };
		F1567C631B44CEA500C80F63 /* ViewController.h */ = {isa = PBXFileReference; lastKnownFileType = sourcecode.c.h; path = ViewController.h; sourceTree = "<group>"; };
		F1567C641B44CEA500C80F63 /* ViewController.m */ = {isa = PBXFileReference; lastKnownFileType = sourcecode.c.objc; path = ViewController.m; sourceTree = "<group>"; };
		F1567C671B44CEA500C80F63 /* Base */ = {isa = PBXFileReference; lastKnownFileType = file.storyboard; name = Base; path = Base.lproj/Main.storyboard; sourceTree = "<group>"; };
		F1567C691B44CEA500C80F63 /* Images.xcassets */ = {isa = PBXFileReference; lastKnownFileType = folder.assetcatalog; path = Images.xcassets; sourceTree = "<group>"; };
		F1567C6C1B44CEA500C80F63 /* Base */ = {isa = PBXFileReference; lastKnownFileType = file.xib; name = Base; path = Base.lproj/LaunchScreen.xib; sourceTree = "<group>"; };
		F19A8E5E1B47609300C80F63 /* barcodes.xcodeproj */ = {isa = PBXFileReference; lastKnownFileType = "wrapper.pb-project"; name = barcodes.xcodeproj; path = ../../core/barcodes.xcodeproj; sourceTree = "<group>"; };
		F19A8E731B47627100C80F63 /* MobileCoreServices.framework */ = {isa = PBXFileReference; lastKnownFileType = wrapper.framework; name = MobileCoreServices.framework; path = System/Library/Frameworks/MobileCoreServices.framework; sourceTree = SDKROOT; };
		F19A8E7F1B47636700C80F63 /* AVFoundation.framework */ = {isa = PBXFileReference; lastKnownFileType = wrapper.framework; name = AVFoundation.framework; path = System/Library/Frameworks/AVFoundation.framework; sourceTree = SDKROOT; };
		F19A8E801B47636700C80F63 /* CoreFoundation.framework */ = {isa = PBXFileReference; lastKnownFileType = wrapper.framework; name = CoreFoundation.framework; path = System/Library/Frameworks/CoreFoundation.framework; sourceTree = SDKROOT; };
		F19A8E811B47636700C80F63 /* Foundation.framework */ = {isa = PBXFileReference; lastKnownFileType = wrapper.framework; name = Foundation.framework; path = System/Library/Frameworks/Foundation.framework; sourceTree = SDKROOT; };
		F19A8E851B47638400C80F63 /* CoreGraphics.framework */ = {isa = PBXFileReference; lastKnownFileType = wrapper.framework; name = CoreGraphics.framework; path = System/Library/Frameworks/CoreGraphics.framework; sourceTree = SDKROOT; };
		F19A8E871B47638E00C80F63 /* UIKit.framework */ = {isa = PBXFileReference; lastKnownFileType = wrapper.framework; name = UIKit.framework; path = System/Library/Frameworks/UIKit.framework; sourceTree = SDKROOT; };
		F19A8E891B4763A700C80F63 /* CoreVideo.framework */ = {isa = PBXFileReference; lastKnownFileType = wrapper.framework; name = CoreVideo.framework; path = System/Library/Frameworks/CoreVideo.framework; sourceTree = SDKROOT; };
		F19A8E8B1B4763B800C80F63 /* CoreMedia.framework */ = {isa = PBXFileReference; lastKnownFileType = wrapper.framework; name = CoreMedia.framework; path = System/Library/Frameworks/CoreMedia.framework; sourceTree = SDKROOT; };
		F19A8E8D1B47640000C80F63 /* QuartzCore.framework */ = {isa = PBXFileReference; lastKnownFileType = wrapper.framework; name = QuartzCore.framework; path = System/Library/Frameworks/QuartzCore.framework; sourceTree = SDKROOT; };
		F1C69A3C1B45A0E300C80F63 /* libiconv.dylib */ = {isa = PBXFileReference; lastKnownFileType = "compiled.mach-o.dylib"; name = libiconv.dylib; path = usr/lib/libiconv.dylib; sourceTree = SDKROOT; };
		F1D359801B454DA000C80F63 /* PrefixHeader.pch */ = {isa = PBXFileReference; lastKnownFileType = sourcecode.c.h; path = PrefixHeader.pch; sourceTree = "<group>"; };
/* End PBXFileReference section */

/* Begin PBXFrameworksBuildPhase section */
		F1567C561B44CEA500C80F63 /* Frameworks */ = {
			isa = PBXFrameworksBuildPhase;
			buildActionMask = 2147483647;
			files = (
				F19A8E841B47636700C80F63 /* Foundation.framework in Frameworks */,
				F19A8E831B47636700C80F63 /* CoreFoundation.framework in Frameworks */,
				F19A8E881B47638E00C80F63 /* UIKit.framework in Frameworks */,
				F19A8E861B47638400C80F63 /* CoreGraphics.framework in Frameworks */,
				F19A8E8E1B47640000C80F63 /* QuartzCore.framework in Frameworks */,
				F19A8E821B47636700C80F63 /* AVFoundation.framework in Frameworks */,
				F19A8E8A1B4763A700C80F63 /* CoreVideo.framework in Frameworks */,
				F19A8E8C1B4763B800C80F63 /* CoreMedia.framework in Frameworks */,
				F19A8E741B47627100C80F63 /* MobileCoreServices.framework in Frameworks */,
				F19A8E681B4760AB00C80F63 /* libbarcodes.a in Frameworks */,
				F1C69A3D1B45A0E300C80F63 /* libiconv.dylib in Frameworks */,
			);
			runOnlyForDeploymentPostprocessing = 0;
		};
/* End PBXFrameworksBuildPhase section */

/* Begin PBXGroup section */
		F1567C501B44CEA500C80F63 = {
			isa = PBXGroup;
			children = (
				F1567C5B1B44CEA500C80F63 /* BarcodesTest */,
				F1567C5A1B44CEA500C80F63 /* Products */,
			);
			sourceTree = "<group>";
		};
		F1567C5A1B44CEA500C80F63 /* Products */ = {
			isa = PBXGroup;
			children = (
				F1567C591B44CEA500C80F63 /* BarcodesTest.app */,
			);
			name = Products;
			sourceTree = "<group>";
		};
		F1567C5B1B44CEA500C80F63 /* BarcodesTest */ = {
			isa = PBXGroup;
			children = (
				F1567C601B44CEA500C80F63 /* AppDelegate.h */,
				F1567C611B44CEA500C80F63 /* AppDelegate.m */,
				F1567C631B44CEA500C80F63 /* ViewController.h */,
				F1567C641B44CEA500C80F63 /* ViewController.m */,
				F1567C661B44CEA500C80F63 /* Main.storyboard */,
				F1567C691B44CEA500C80F63 /* Images.xcassets */,
				F1567C6B1B44CEA500C80F63 /* LaunchScreen.xib */,
				F1567C5C1B44CEA500C80F63 /* Supporting Files */,
			);
			path = BarcodesTest;
			sourceTree = "<group>";
		};
		F1567C5C1B44CEA500C80F63 /* Supporting Files */ = {
			isa = PBXGroup;
			children = (
				F1567C5D1B44CEA500C80F63 /* Info.plist */,
				F1567C5E1B44CEA500C80F63 /* main.m */,
				F1D359801B454DA000C80F63 /* PrefixHeader.pch */,
				F19A8E5E1B47609300C80F63 /* barcodes.xcodeproj */,
				F19A8E8D1B47640000C80F63 /* QuartzCore.framework */,
				F19A8E8B1B4763B800C80F63 /* CoreMedia.framework */,
				F19A8E891B4763A700C80F63 /* CoreVideo.framework */,
				F19A8E871B47638E00C80F63 /* UIKit.framework */,
				F19A8E851B47638400C80F63 /* CoreGraphics.framework */,
				F19A8E7F1B47636700C80F63 /* AVFoundation.framework */,
				F19A8E801B47636700C80F63 /* CoreFoundation.framework */,
				F19A8E811B47636700C80F63 /* Foundation.framework */,
				F19A8E731B47627100C80F63 /* MobileCoreServices.framework */,
				F1C69A3C1B45A0E300C80F63 /* libiconv.dylib */,
			);
			name = "Supporting Files";
			sourceTree = "<group>";
		};
		F19A8E5F1B47609300C80F63 /* Products */ = {
			isa = PBXGroup;
			children = (
				F19A8E651B47609400C80F63 /* libbarcodes.a */,
			);
			name = Products;
			sourceTree = "<group>";
		};
/* End PBXGroup section */

/* Begin PBXNativeTarget section */
		F1567C581B44CEA500C80F63 /* BarcodesTest */ = {
			isa = PBXNativeTarget;
			buildConfigurationList = F1567C7C1B44CEA500C80F63 /* Build configuration list for PBXNativeTarget "BarcodesTest" */;
			buildPhases = (
				F1567C551B44CEA500C80F63 /* Sources */,
				F1567C561B44CEA500C80F63 /* Frameworks */,
				F1567C571B44CEA500C80F63 /* Resources */,
			);
			buildRules = (
			);
			dependencies = (
				F19A8E671B4760A300C80F63 /* PBXTargetDependency */,
			);
			name = BarcodesTest;
			productName = BarcodesTest;
			productReference = F1567C591B44CEA500C80F63 /* BarcodesTest.app */;
			productType = "com.apple.product-type.application";
		};
/* End PBXNativeTarget section */

/* Begin PBXProject section */
		F1567C511B44CEA500C80F63 /* Project object */ = {
			isa = PBXProject;
			attributes = {
				LastUpgradeCheck = 0640;
				ORGANIZATIONNAME = "Ravel Developers Group";
				TargetAttributes = {
					F1567C581B44CEA500C80F63 = {
						CreatedOnToolsVersion = 6.4;
					};
				};
			};
			buildConfigurationList = F1567C541B44CEA500C80F63 /* Build configuration list for PBXProject "BarcodesTest" */;
			compatibilityVersion = "Xcode 3.2";
			developmentRegion = English;
			hasScannedForEncodings = 0;
			knownRegions = (
				en,
				Base,
			);
			mainGroup = F1567C501B44CEA500C80F63;
			productRefGroup = F1567C5A1B44CEA500C80F63 /* Products */;
			projectDirPath = "";
			projectReferences = (
				{
					ProductGroup = F19A8E5F1B47609300C80F63 /* Products */;
					ProjectRef = F19A8E5E1B47609300C80F63 /* barcodes.xcodeproj */;
				},
			);
			projectRoot = "";
			targets = (
				F1567C581B44CEA500C80F63 /* BarcodesTest */,
			);
		};
/* End PBXProject section */

/* Begin PBXReferenceProxy section */
		F19A8E651B47609400C80F63 /* libbarcodes.a */ = {
			isa = PBXReferenceProxy;
			fileType = archive.ar;
			path = libbarcodes.a;
			remoteRef = F19A8E641B47609400C80F63 /* PBXContainerItemProxy */;
			sourceTree = BUILT_PRODUCTS_DIR;
		};
/* End PBXReferenceProxy section */

/* Begin PBXResourcesBuildPhase section */
		F1567C571B44CEA500C80F63 /* Resources */ = {
			isa = PBXResourcesBuildPhase;
			buildActionMask = 2147483647;
			files = (
				F1567C681B44CEA500C80F63 /* Main.storyboard in Resources */,
				F1567C6D1B44CEA500C80F63 /* LaunchScreen.xib in Resources */,
				F1567C6A1B44CEA500C80F63 /* Images.xcassets in Resources */,
			);
			runOnlyForDeploymentPostprocessing = 0;
		};
/* End PBXResourcesBuildPhase section */

/* Begin PBXSourcesBuildPhase section */
		F1567C551B44CEA500C80F63 /* Sources */ = {
			isa = PBXSourcesBuildPhase;
			buildActionMask = 2147483647;
			files = (
				F1567C651B44CEA500C80F63 /* ViewController.m in Sources */,
				F1567C621B44CEA500C80F63 /* AppDelegate.m in Sources */,
				F1567C5F1B44CEA500C80F63 /* main.m in Sources */,
			);
			runOnlyForDeploymentPostprocessing = 0;
		};
/* End PBXSourcesBuildPhase section */

/* Begin PBXTargetDependency section */
		F19A8E671B4760A300C80F63 /* PBXTargetDependency */ = {
			isa = PBXTargetDependency;
			name = barcodes;
			targetProxy = F19A8E661B4760A300C80F63 /* PBXContainerItemProxy */;
		};
/* End PBXTargetDependency section */

/* Begin PBXVariantGroup section */
		F1567C661B44CEA500C80F63 /* Main.storyboard */ = {
			isa = PBXVariantGroup;
			children = (
				F1567C671B44CEA500C80F63 /* Base */,
			);
			name = Main.storyboard;
			sourceTree = "<group>";
		};
		F1567C6B1B44CEA500C80F63 /* LaunchScreen.xib */ = {
			isa = PBXVariantGroup;
			children = (
				F1567C6C1B44CEA500C80F63 /* Base */,
			);
			name = LaunchScreen.xib;
			sourceTree = "<group>";
		};
/* End PBXVariantGroup section */

/* Begin XCBuildConfiguration section */
		F1567C7A1B44CEA500C80F63 /* Debug */ = {
			isa = XCBuildConfiguration;
			buildSettings = {
				ALWAYS_SEARCH_USER_PATHS = NO;
				CLANG_CXX_LANGUAGE_STANDARD = "gnu++0x";
				CLANG_CXX_LIBRARY = "libc++";
				CLANG_ENABLE_MODULES = YES;
				CLANG_WARN_BOOL_CONVERSION = YES;
				CLANG_WARN_CONSTANT_CONVERSION = YES;
				CLANG_WARN_DIRECT_OBJC_ISA_USAGE = YES_ERROR;
				CLANG_WARN_EMPTY_BODY = YES;
				CLANG_WARN_ENUM_CONVERSION = YES;
				CLANG_WARN_INT_CONVERSION = YES;
				CLANG_WARN_OBJC_ROOT_CLASS = YES_ERROR;
				CLANG_WARN_UNREACHABLE_CODE = YES;
				CLANG_WARN__DUPLICATE_METHOD_MATCH = YES;
				"CODE_SIGN_IDENTITY[sdk=iphoneos*]" = "iPhone Developer";
				COPY_PHASE_STRIP = NO;
				DEBUG_INFORMATION_FORMAT = "dwarf-with-dsym";
				ENABLE_STRICT_OBJC_MSGSEND = YES;
				GCC_C_LANGUAGE_STANDARD = gnu99;
				GCC_DYNAMIC_NO_PIC = NO;
				GCC_NO_COMMON_BLOCKS = YES;
				GCC_OPTIMIZATION_LEVEL = 0;
				GCC_PREPROCESSOR_DEFINITIONS = (
					"DEBUG=1",
					"$(inherited)",
				);
				GCC_SYMBOLS_PRIVATE_EXTERN = NO;
				GCC_WARN_64_TO_32_BIT_CONVERSION = YES;
				GCC_WARN_ABOUT_RETURN_TYPE = YES_ERROR;
				GCC_WARN_UNDECLARED_SELECTOR = YES;
				GCC_WARN_UNINITIALIZED_AUTOS = YES_AGGRESSIVE;
				GCC_WARN_UNUSED_FUNCTION = YES;
				GCC_WARN_UNUSED_VARIABLE = YES;
				IPHONEOS_DEPLOYMENT_TARGET = 6.1;
				MTL_ENABLE_DEBUG_INFO = YES;
				ONLY_ACTIVE_ARCH = YES;
				SDKROOT = iphoneos;
				TARGETED_DEVICE_FAMILY = "1,2";
			};
			name = Debug;
		};
		F1567C7B1B44CEA500C80F63 /* Release */ = {
			isa = XCBuildConfiguration;
			buildSettings = {
				ALWAYS_SEARCH_USER_PATHS = NO;
				CLANG_CXX_LANGUAGE_STANDARD = "gnu++0x";
				CLANG_CXX_LIBRARY = "libc++";
				CLANG_ENABLE_MODULES = YES;
				CLANG_WARN_BOOL_CONVERSION = YES;
				CLANG_WARN_CONSTANT_CONVERSION = YES;
				CLANG_WARN_DIRECT_OBJC_ISA_USAGE = YES_ERROR;
				CLANG_WARN_EMPTY_BODY = YES;
				CLANG_WARN_ENUM_CONVERSION = YES;
				CLANG_WARN_INT_CONVERSION = YES;
				CLANG_WARN_OBJC_ROOT_CLASS = YES_ERROR;
				CLANG_WARN_UNREACHABLE_CODE = YES;
				CLANG_WARN__DUPLICATE_METHOD_MATCH = YES;
				"CODE_SIGN_IDENTITY[sdk=iphoneos*]" = "iPhone Developer";
				COPY_PHASE_STRIP = NO;
				DEBUG_INFORMATION_FORMAT = "dwarf-with-dsym";
				ENABLE_NS_ASSERTIONS = NO;
				ENABLE_STRICT_OBJC_MSGSEND = YES;
				GCC_C_LANGUAGE_STANDARD = gnu99;
				GCC_NO_COMMON_BLOCKS = YES;
				GCC_WARN_64_TO_32_BIT_CONVERSION = YES;
				GCC_WARN_ABOUT_RETURN_TYPE = YES_ERROR;
				GCC_WARN_UNDECLARED_SELECTOR = YES;
				GCC_WARN_UNINITIALIZED_AUTOS = YES_AGGRESSIVE;
				GCC_WARN_UNUSED_FUNCTION = YES;
				GCC_WARN_UNUSED_VARIABLE = YES;
				IPHONEOS_DEPLOYMENT_TARGET = 6.1;
				MTL_ENABLE_DEBUG_INFO = NO;
				SDKROOT = iphoneos;
				TARGETED_DEVICE_FAMILY = "1,2";
				VALIDATE_PRODUCT = YES;
			};
			name = Release;
		};
		F1567C7D1B44CEA500C80F63 /* Debug */ = {
			isa = XCBuildConfiguration;
			buildSettings = {
				ASSETCATALOG_COMPILER_APPICON_NAME = AppIcon;
				CLANG_MODULES_AUTOLINK = NO;
				GCC_PRECOMPILE_PREFIX_HEADER = YES;
				GCC_PREFIX_HEADER = "$(SRCROOT)/BarcodesTest/PrefixHeader.pch";
				HEADER_SEARCH_PATHS = (
					"$(inherited)",
					"$(SRCROOT)/../core/include",
				);
				INFOPLIST_FILE = BarcodesTest/Info.plist;
				LD_RUNPATH_SEARCH_PATHS = "$(inherited) @executable_path/Frameworks";
				LIBRARY_SEARCH_PATHS = "";
				PRODUCT_NAME = "$(TARGET_NAME)";
				TARGETED_DEVICE_FAMILY = "1,2";
			};
			name = Debug;
		};
		F1567C7E1B44CEA500C80F63 /* Release */ = {
			isa = XCBuildConfiguration;
			buildSettings = {
				ASSETCATALOG_COMPILER_APPICON_NAME = AppIcon;
				CLANG_MODULES_AUTOLINK = NO;
				GCC_PRECOMPILE_PREFIX_HEADER = YES;
				GCC_PREFIX_HEADER = "$(SRCROOT)/BarcodesTest/PrefixHeader.pch";
				HEADER_SEARCH_PATHS = (
					"$(inherited)",
					"$(SRCROOT)/../core/include",
				);
				INFOPLIST_FILE = BarcodesTest/Info.plist;
				LD_RUNPATH_SEARCH_PATHS = "$(inherited) @executable_path/Frameworks";
				LIBRARY_SEARCH_PATHS = "";
				PRODUCT_NAME = "$(TARGET_NAME)";
				TARGETED_DEVICE_FAMILY = "1,2";
			};
			name = Release;
		};
/* End XCBuildConfiguration section */

/* Begin XCConfigurationList section */
		F1567C541B44CEA500C80F63 /* Build configuration list for PBXProject "BarcodesTest" */ = {
			isa = XCConfigurationList;
			buildConfigurations = (
				F1567C7A1B44CEA500C80F63 /* Debug */,
				F1567C7B1B44CEA500C80F63 /* Release */,
			);
			defaultConfigurationIsVisible = 0;
			defaultConfigurationName = Release;
		};
		F1567C7C1B44CEA500C80F63 /* Build configuration list for PBXNativeTarget "BarcodesTest" */ = {
			isa = XCConfigurationList;
			buildConfigurations = (
				F1567C7D1B44CEA500C80F63 /* Debug */,
				F1567C7E1B44CEA500C80F63 /* Release */,
			);
			defaultConfigurationIsVisible = 0;
			defaultConfigurationName = Release;
		};
/* End XCConfigurationList section */
	};
	rootObject = F1567C511B44CEA500C80F63 /* Project object */;
}
